
Microsoft Visual Studio Solution File, Format Version 12.00
# Visual Studio Version 17
VisualStudioVersion = 17.6.33815.320
MinimumVisualStudioVersion = 10.0.40219.1
Project("{FAE04EC0-301F-11D3-BF4B-00C04F79EFBC}") = "ejercicio_poo_2", "ejercicio_poo_2\ejercicio_poo_2.csproj", "{6E775831-4B0F-44B3-BDEC-036A3E92B27B}"
EndProject
Global
	GlobalSection(SolutionConfigurationPlatforms) = preSolution
		Debug|Any CPU = Debug|Any CPU
		Release|Any CPU = Release|Any CPU
	EndGlobalSection
	GlobalSection(ProjectConfigurationPlatforms) = postSolution
		{6E775831-4B0F-44B3-BDEC-036A3E92B27B}.Debug|Any CPU.ActiveCfg = Debug|Any CPU
		{6E775831-4B0F-44B3-BDEC-036A3E92B27B}.Debug|Any CPU.Build.0 = Debug|Any CPU
		{6E775831-4B0F-44B3-BDEC-036A3E92B27B}.Release|Any CPU.ActiveCfg = Release|Any CPU
		{6E775831-4B0F-44B3-BDEC-036A3E92B27B}.Release|Any CPU.Build.0 = Release|Any CPU
	EndGlobalSection
	GlobalSection(SolutionProperties) = preSolution
		HideSolutionNode = FALSE
	EndGlobalSection
	GlobalSection(ExtensibilityGlobals) = postSolution
		SolutionGuid = {67D7BA9B-B65B-4BEA-9037-D8752E4B5E1E}
	EndGlobalSection
EndGlobal
